
Microsoft Visual Studio Solution File, Format Version 11.00
# Visual Studio 2010
Project("{FAE04EC0-301F-11D3-BF4B-00C04F79EFBC}") = "simplex noise", "Assembly-CSharp.csproj", "{60CA2883-9284-A4CC-323C-61C9C6F4F5F2}"
EndProject
Project("{FAE04EC0-301F-11D3-BF4B-00C04F79EFBC}") = "simplex noise", "Assembly-CSharp-Editor.csproj", "{37303D18-8B2F-9F13-1596-58363F0E1712}"
EndProject
Global
	GlobalSection(SolutionConfigurationPlatforms) = preSolution
		Debug|Any CPU = Debug|Any CPU
		Release|Any CPU = Release|Any CPU
	EndGlobalSection
	GlobalSection(ProjectConfigurationPlatforms) = postSolution
		{60CA2883-9284-A4CC-323C-61C9C6F4F5F2}.Debug|Any CPU.ActiveCfg = Debug|Any CPU
		{60CA2883-9284-A4CC-323C-61C9C6F4F5F2}.Debug|Any CPU.Build.0 = Debug|Any CPU
		{60CA2883-9284-A4CC-323C-61C9C6F4F5F2}.Release|Any CPU.ActiveCfg = Release|Any CPU
		{60CA2883-9284-A4CC-323C-61C9C6F4F5F2}.Release|Any CPU.Build.0 = Release|Any CPU
		{37303D18-8B2F-9F13-1596-58363F0E1712}.Debug|Any CPU.ActiveCfg = Debug|Any CPU
		{37303D18-8B2F-9F13-1596-58363F0E1712}.Debug|Any CPU.Build.0 = Debug|Any CPU
		{37303D18-8B2F-9F13-1596-58363F0E1712}.Release|Any CPU.ActiveCfg = Release|Any CPU
		{37303D18-8B2F-9F13-1596-58363F0E1712}.Release|Any CPU.Build.0 = Release|Any CPU
	EndGlobalSection
	GlobalSection(SolutionProperties) = preSolution
		HideSolutionNode = FALSE
	EndGlobalSection
	GlobalSection(MonoDevelopProperties) = preSolution
		StartupItem = Assembly-CSharp.csproj
	EndGlobalSection
EndGlobal
